
Microsoft Visual Studio Solution File, Format Version 12.00
# Visual Studio Version 17
VisualStudioVersion = 17.11.35222.181
MinimumVisualStudioVersion = 10.0.40219.1
Project("{9A19103F-16F7-4668-BE54-9A1E7A4F7556}") = "webProgrammingTest", "webProgrammingTest\webProgrammingTest.csproj", "{3BCEA754-CD12-47A4-B9E3-AA1836F6DD42}"
EndProject
Global
	GlobalSection(SolutionConfigurationPlatforms) = preSolution
		Debug|Any CPU = Debug|Any CPU
		Release|Any CPU = Release|Any CPU
	EndGlobalSection
	GlobalSection(ProjectConfigurationPlatforms) = postSolution
		{3BCEA754-CD12-47A4-B9E3-AA1836F6DD42}.Debug|Any CPU.ActiveCfg = Debug|Any CPU
		{3BCEA754-CD12-47A4-B9E3-AA1836F6DD42}.Debug|Any CPU.Build.0 = Debug|Any CPU
		{3BCEA754-CD12-47A4-B9E3-AA1836F6DD42}.Release|Any CPU.ActiveCfg = Release|Any CPU
		{3BCEA754-CD12-47A4-B9E3-AA1836F6DD42}.Release|Any CPU.Build.0 = Release|Any CPU
	EndGlobalSection
	GlobalSection(SolutionProperties) = preSolution
		HideSolutionNode = FALSE
	EndGlobalSection
	GlobalSection(ExtensibilityGlobals) = postSolution
		SolutionGuid = {8A668D11-F4FB-4818-9179-D46EE0CD77F6}
	EndGlobalSection
EndGlobal
